
Microsoft Visual Studio Solution File, Format Version 12.00
# Visual Studio Version 16
VisualStudioVersion = 16.0.31205.134
MinimumVisualStudioVersion = 10.0.40219.1
Project("{FAE04EC0-301F-11D3-BF4B-00C04F79EFBC}") = "Api_Andrew", "Api_Andrew.csproj", "{945761B4-DCEE-4379-8C6C-475D7BC923D0}"
EndProject
Global
	GlobalSection(SolutionConfigurationPlatforms) = preSolution
		Debug|Any CPU = Debug|Any CPU
		Release|Any CPU = Release|Any CPU
	EndGlobalSection
	GlobalSection(ProjectConfigurationPlatforms) = postSolution
		{945761B4-DCEE-4379-8C6C-475D7BC923D0}.Debug|Any CPU.ActiveCfg = Debug|Any CPU
		{945761B4-DCEE-4379-8C6C-475D7BC923D0}.Debug|Any CPU.Build.0 = Debug|Any CPU
		{945761B4-DCEE-4379-8C6C-475D7BC923D0}.Release|Any CPU.ActiveCfg = Release|Any CPU
		{945761B4-DCEE-4379-8C6C-475D7BC923D0}.Release|Any CPU.Build.0 = Release|Any CPU
	EndGlobalSection
	GlobalSection(SolutionProperties) = preSolution
		HideSolutionNode = FALSE
	EndGlobalSection
	GlobalSection(ExtensibilityGlobals) = postSolution
		SolutionGuid = {4E389A29-E31B-4098-A541-9539CF675F33}
	EndGlobalSection
EndGlobal
